
Microsoft Visual Studio Solution File, Format Version 11.00
# Visual Studio 2010
Project("{2150E333-8FDC-42A3-9474-1A3956D46DE8}") = "Convert_T", "Convert_T", "{5930CAD7-8B22-411A-9221-F8957210ABE2}"
EndProject
Project("{FAE04EC0-301F-11D3-BF4B-00C04F79EFBC}") = "ConsoleApplication1", "ConsoleApplication1\ConsoleApplication1.csproj", "{4253325C-C46D-41F6-B07B-DFF1B587857D}"
EndProject
Project("{2150E333-8FDC-42A3-9474-1A3956D46DE8}") = "DaemonProcess", "DaemonProcess", "{2F059724-3D69-4BC3-AE07-4B7D8A2FFAE9}"
EndProject
Project("{FAE04EC0-301F-11D3-BF4B-00C04F79EFBC}") = "ConsoleApplication2", "ConsoleApplication2\ConsoleApplication2.csproj", "{B1CA8142-4E8C-46BC-87E6-5BFA29167047}"
EndProject
Project("{2150E333-8FDC-42A3-9474-1A3956D46DE8}") = "ThreadDemo", "ThreadDemo", "{1150FC38-4313-45B5-8AE7-7CF16A0326F5}"
EndProject
Project("{FAE04EC0-301F-11D3-BF4B-00C04F79EFBC}") = "AutoManual", "AutoManual\AutoManual.csproj", "{DCB5966C-2EEB-45DF-B8DC-AE37A91F2841}"
EndProject
Project("{2150E333-8FDC-42A3-9474-1A3956D46DE8}") = "Reflection", "Reflection", "{070A6823-90E0-4F4B-86E1-6A54669235C3}"
EndProject
Project("{FAE04EC0-301F-11D3-BF4B-00C04F79EFBC}") = "Demo", "Demo\Demo.csproj", "{65D68ED0-7B89-4F9D-8F8D-47449FB1C7E8}"
EndProject
Project("{2150E333-8FDC-42A3-9474-1A3956D46DE8}") = "模式", "模式", "{C076BCFE-BC8D-4EE7-95E2-9A96DC83883D}"
EndProject
Project("{FAE04EC0-301F-11D3-BF4B-00C04F79EFBC}") = "Single", "Single\Single.csproj", "{DAF01AA4-BD71-4F91-9B8F-F37B9D2C2081}"
EndProject
Project("{FAE04EC0-301F-11D3-BF4B-00C04F79EFBC}") = "Observe", "Observe\Observe.csproj", "{1B449322-0519-495F-A97E-B4AE6B4E4C5D}"
EndProject
Project("{2150E333-8FDC-42A3-9474-1A3956D46DE8}") = "UsingDemo", "UsingDemo", "{E915178C-24EF-47E3-97EF-D8D0ED5DC630}"
EndProject
Project("{FAE04EC0-301F-11D3-BF4B-00C04F79EFBC}") = "ConsoleApplication3", "ConsoleApplication3\ConsoleApplication3.csproj", "{C4AF0BD5-BECD-4FFB-9C55-9770B53C0C0E}"
EndProject
Project("{2150E333-8FDC-42A3-9474-1A3956D46DE8}") = "oss", "oss", "{72C6A5FE-8BAC-4177-BBB9-B9DDF9627517}"
EndProject
Project("{FAE04EC0-301F-11D3-BF4B-00C04F79EFBC}") = "ConsoleApplication4", "ConsoleApplication4\ConsoleApplication4.csproj", "{38159DDE-AC9C-4BEE-952E-6247278B098E}"
EndProject
Project("{2150E333-8FDC-42A3-9474-1A3956D46DE8}") = "Base64", "Base64", "{D061D40B-7CB9-498B-ADC9-E76157BFF89E}"
EndProject
Project("{FAE04EC0-301F-11D3-BF4B-00C04F79EFBC}") = "Main.cs", "Main.cs\Main.cs.csproj", "{966E1AD1-E5EB-44F2-B62B-E1732534204A}"
EndProject
Project("{2150E333-8FDC-42A3-9474-1A3956D46DE8}") = "TimeDiff", "TimeDiff", "{E06895B9-BCBD-404A-99D3-0F2E99B32161}"
EndProject
Project("{FAE04EC0-301F-11D3-BF4B-00C04F79EFBC}") = "ConsoleApplication5", "ConsoleApplication5\ConsoleApplication5.csproj", "{29F2DB45-C948-42A4-A5A4-5B6DCA5AB3DC}"
EndProject
Project("{2150E333-8FDC-42A3-9474-1A3956D46DE8}") = "DelegateDemo", "DelegateDemo", "{76CD9221-57DD-4E39-9CAF-44477DEE0BE8}"
EndProject
Project("{FAE04EC0-301F-11D3-BF4B-00C04F79EFBC}") = "ConsoleApplication6", "ConsoleApplication6\ConsoleApplication6.csproj", "{D389E80C-A419-4E2D-8BF3-952549241966}"
EndProject
Project("{FAE04EC0-301F-11D3-BF4B-00C04F79EFBC}") = "People", "People\People.csproj", "{0ECBBAC0-E464-4B74-AA4A-C4AD843383DD}"
EndProject
Project("{2150E333-8FDC-42A3-9474-1A3956D46DE8}") = "UploadDown", "UploadDown", "{9E2548BE-0875-4964-8415-07204A2EEDDE}"
EndProject
Project("{FAE04EC0-301F-11D3-BF4B-00C04F79EFBC}") = "ConsoleApplication7", "ConsoleApplication7\ConsoleApplication7.csproj", "{AC7091A4-3B5B-4006-9673-8B61766AD6B8}"
EndProject
Project("{2150E333-8FDC-42A3-9474-1A3956D46DE8}") = "QuickSort", "QuickSort", "{3B2485FA-35E1-4FD9-BB79-BCF66F65454D}"
EndProject
Project("{FAE04EC0-301F-11D3-BF4B-00C04F79EFBC}") = "ConsoleApplication8", "ConsoleApplication8\ConsoleApplication8.csproj", "{C6BD9A48-672B-432C-8E06-2F98359E0236}"
EndProject
Project("{2150E333-8FDC-42A3-9474-1A3956D46DE8}") = "ModalConvert", "ModalConvert", "{8B875D45-06D6-4FCB-A44B-3BC717AD4E14}"
EndProject
Project("{FAE04EC0-301F-11D3-BF4B-00C04F79EFBC}") = "ModalDemo", "ModalDemo\ModalDemo.csproj", "{9F1A501C-04EE-4872-9056-542A1EEE64ED}"
EndProject
Project("{2150E333-8FDC-42A3-9474-1A3956D46DE8}") = "TCP", "TCP", "{19E0BF54-37D2-4E79-8C49-17FCF79FCBE5}"
EndProject
Project("{FAE04EC0-301F-11D3-BF4B-00C04F79EFBC}") = "TcpServer", "TcpServer\TcpServer.csproj", "{6BE67550-939C-4A26-A998-4A1B456164D4}"
EndProject
Project("{FAE04EC0-301F-11D3-BF4B-00C04F79EFBC}") = "TcpClient", "TcpClient\TcpClient.csproj", "{963DCE4F-310B-47D6-AE87-C07E4830D71F}"
EndProject
Project("{2150E333-8FDC-42A3-9474-1A3956D46DE8}") = "FileDemo", "FileDemo", "{E5EC13CD-49FB-4737-96FC-48C2EEE44A6D}"
EndProject
Project("{FAE04EC0-301F-11D3-BF4B-00C04F79EFBC}") = "ConsoleApplication9", "ConsoleApplication9\ConsoleApplication9.csproj", "{31833F29-9E58-4B60-8F5B-B5297FC5FACA}"
EndProject
Project("{2150E333-8FDC-42A3-9474-1A3956D46DE8}") = "StaticDemo", "StaticDemo", "{09D8007F-C8D0-40D0-A8CB-C05F0F01504A}"
EndProject
Project("{FAE04EC0-301F-11D3-BF4B-00C04F79EFBC}") = "ConsoleApplication10", "ConsoleApplication10\ConsoleApplication10.csproj", "{367E5DA7-8789-4A10-86D2-BB42EB380E11}"
EndProject
Project("{2150E333-8FDC-42A3-9474-1A3956D46DE8}") = "ListDemo", "ListDemo", "{01B522BE-2981-44A2-A203-BDB5078B4A8A}"
EndProject
Project("{FAE04EC0-301F-11D3-BF4B-00C04F79EFBC}") = "ConsoleApplication11", "ConsoleApplication11\ConsoleApplication11.csproj", "{2BE1ECD9-FC89-4BB2-A45E-9BA669604917}"
EndProject
Project("{2150E333-8FDC-42A3-9474-1A3956D46DE8}") = "ByteDemo", "ByteDemo", "{7BE25798-B933-42BC-B015-ED2566757DB2}"
EndProject
Project("{FAE04EC0-301F-11D3-BF4B-00C04F79EFBC}") = "ConsoleApplication12", "ConsoleApplication12\ConsoleApplication12.csproj", "{9599CC5D-6C28-4913-A6B7-4ABBD3A2C860}"
EndProject
Project("{2150E333-8FDC-42A3-9474-1A3956D46DE8}") = "JsEval", "JsEval", "{207054B6-C5B1-4BD4-A046-084BE9B9158D}"
EndProject
Project("{FAE04EC0-301F-11D3-BF4B-00C04F79EFBC}") = "ConsoleApplication15", "ConsoleApplication15\ConsoleApplication15.csproj", "{2AC7511F-C245-4D8A-B221-FA5E54C2F162}"
EndProject
Global
	GlobalSection(SolutionConfigurationPlatforms) = preSolution
		Debug|Any CPU = Debug|Any CPU
		Debug|Mixed Platforms = Debug|Mixed Platforms
		Debug|x86 = Debug|x86
		Release|Any CPU = Release|Any CPU
		Release|Mixed Platforms = Release|Mixed Platforms
		Release|x86 = Release|x86
	EndGlobalSection
	GlobalSection(ProjectConfigurationPlatforms) = postSolution
		{4253325C-C46D-41F6-B07B-DFF1B587857D}.Debug|Any CPU.ActiveCfg = Debug|x86
		{4253325C-C46D-41F6-B07B-DFF1B587857D}.Debug|Mixed Platforms.ActiveCfg = Debug|x86
		{4253325C-C46D-41F6-B07B-DFF1B587857D}.Debug|Mixed Platforms.Build.0 = Debug|x86
		{4253325C-C46D-41F6-B07B-DFF1B587857D}.Debug|x86.ActiveCfg = Debug|x86
		{4253325C-C46D-41F6-B07B-DFF1B587857D}.Debug|x86.Build.0 = Debug|x86
		{4253325C-C46D-41F6-B07B-DFF1B587857D}.Release|Any CPU.ActiveCfg = Release|x86
		{4253325C-C46D-41F6-B07B-DFF1B587857D}.Release|Mixed Platforms.ActiveCfg = Release|x86
		{4253325C-C46D-41F6-B07B-DFF1B587857D}.Release|Mixed Platforms.Build.0 = Release|x86
		{4253325C-C46D-41F6-B07B-DFF1B587857D}.Release|x86.ActiveCfg = Release|x86
		{4253325C-C46D-41F6-B07B-DFF1B587857D}.Release|x86.Build.0 = Release|x86
		{B1CA8142-4E8C-46BC-87E6-5BFA29167047}.Debug|Any CPU.ActiveCfg = Debug|x86
		{B1CA8142-4E8C-46BC-87E6-5BFA29167047}.Debug|Mixed Platforms.ActiveCfg = Debug|x86
		{B1CA8142-4E8C-46BC-87E6-5BFA29167047}.Debug|Mixed Platforms.Build.0 = Debug|x86
		{B1CA8142-4E8C-46BC-87E6-5BFA29167047}.Debug|x86.ActiveCfg = Debug|x86
		{B1CA8142-4E8C-46BC-87E6-5BFA29167047}.Debug|x86.Build.0 = Debug|x86
		{B1CA8142-4E8C-46BC-87E6-5BFA29167047}.Release|Any CPU.ActiveCfg = Release|x86
		{B1CA8142-4E8C-46BC-87E6-5BFA29167047}.Release|Mixed Platforms.ActiveCfg = Release|x86
		{B1CA8142-4E8C-46BC-87E6-5BFA29167047}.Release|Mixed Platforms.Build.0 = Release|x86
		{B1CA8142-4E8C-46BC-87E6-5BFA29167047}.Release|x86.ActiveCfg = Release|x86
		{B1CA8142-4E8C-46BC-87E6-5BFA29167047}.Release|x86.Build.0 = Release|x86
		{DCB5966C-2EEB-45DF-B8DC-AE37A91F2841}.Debug|Any CPU.ActiveCfg = Debug|x86
		{DCB5966C-2EEB-45DF-B8DC-AE37A91F2841}.Debug|Mixed Platforms.ActiveCfg = Debug|x86
		{DCB5966C-2EEB-45DF-B8DC-AE37A91F2841}.Debug|Mixed Platforms.Build.0 = Debug|x86
		{DCB5966C-2EEB-45DF-B8DC-AE37A91F2841}.Debug|x86.ActiveCfg = Debug|x86
		{DCB5966C-2EEB-45DF-B8DC-AE37A91F2841}.Debug|x86.Build.0 = Debug|x86
		{DCB5966C-2EEB-45DF-B8DC-AE37A91F2841}.Release|Any CPU.ActiveCfg = Release|x86
		{DCB5966C-2EEB-45DF-B8DC-AE37A91F2841}.Release|Mixed Platforms.ActiveCfg = Release|x86
		{DCB5966C-2EEB-45DF-B8DC-AE37A91F2841}.Release|Mixed Platforms.Build.0 = Release|x86
		{DCB5966C-2EEB-45DF-B8DC-AE37A91F2841}.Release|x86.ActiveCfg = Release|x86
		{DCB5966C-2EEB-45DF-B8DC-AE37A91F2841}.Release|x86.Build.0 = Release|x86
		{65D68ED0-7B89-4F9D-8F8D-47449FB1C7E8}.Debug|Any CPU.ActiveCfg = Debug|x86
		{65D68ED0-7B89-4F9D-8F8D-47449FB1C7E8}.Debug|Mixed Platforms.ActiveCfg = Debug|x86
		{65D68ED0-7B89-4F9D-8F8D-47449FB1C7E8}.Debug|Mixed Platforms.Build.0 = Debug|x86
		{65D68ED0-7B89-4F9D-8F8D-47449FB1C7E8}.Debug|x86.ActiveCfg = Debug|x86
		{65D68ED0-7B89-4F9D-8F8D-47449FB1C7E8}.Debug|x86.Build.0 = Debug|x86
		{65D68ED0-7B89-4F9D-8F8D-47449FB1C7E8}.Release|Any CPU.ActiveCfg = Release|x86
		{65D68ED0-7B89-4F9D-8F8D-47449FB1C7E8}.Release|Mixed Platforms.ActiveCfg = Release|x86
		{65D68ED0-7B89-4F9D-8F8D-47449FB1C7E8}.Release|Mixed Platforms.Build.0 = Release|x86
		{65D68ED0-7B89-4F9D-8F8D-47449FB1C7E8}.Release|x86.ActiveCfg = Release|x86
		{65D68ED0-7B89-4F9D-8F8D-47449FB1C7E8}.Release|x86.Build.0 = Release|x86
		{DAF01AA4-BD71-4F91-9B8F-F37B9D2C2081}.Debug|Any CPU.ActiveCfg = Debug|x86
		{DAF01AA4-BD71-4F91-9B8F-F37B9D2C2081}.Debug|Mixed Platforms.ActiveCfg = Debug|x86
		{DAF01AA4-BD71-4F91-9B8F-F37B9D2C2081}.Debug|Mixed Platforms.Build.0 = Debug|x86
		{DAF01AA4-BD71-4F91-9B8F-F37B9D2C2081}.Debug|x86.ActiveCfg = Debug|x86
		{DAF01AA4-BD71-4F91-9B8F-F37B9D2C2081}.Debug|x86.Build.0 = Debug|x86
		{DAF01AA4-BD71-4F91-9B8F-F37B9D2C2081}.Release|Any CPU.ActiveCfg = Release|x86
		{DAF01AA4-BD71-4F91-9B8F-F37B9D2C2081}.Release|Mixed Platforms.ActiveCfg = Release|x86
		{DAF01AA4-BD71-4F91-9B8F-F37B9D2C2081}.Release|Mixed Platforms.Build.0 = Release|x86
		{DAF01AA4-BD71-4F91-9B8F-F37B9D2C2081}.Release|x86.ActiveCfg = Release|x86
		{DAF01AA4-BD71-4F91-9B8F-F37B9D2C2081}.Release|x86.Build.0 = Release|x86
		{1B449322-0519-495F-A97E-B4AE6B4E4C5D}.Debug|Any CPU.ActiveCfg = Debug|x86
		{1B449322-0519-495F-A97E-B4AE6B4E4C5D}.Debug|Mixed Platforms.ActiveCfg = Debug|x86
		{1B449322-0519-495F-A97E-B4AE6B4E4C5D}.Debug|Mixed Platforms.Build.0 = Debug|x86
		{1B449322-0519-495F-A97E-B4AE6B4E4C5D}.Debug|x86.ActiveCfg = Debug|x86
		{1B449322-0519-495F-A97E-B4AE6B4E4C5D}.Debug|x86.Build.0 = Debug|x86
		{1B449322-0519-495F-A97E-B4AE6B4E4C5D}.Release|Any CPU.ActiveCfg = Release|x86
		{1B449322-0519-495F-A97E-B4AE6B4E4C5D}.Release|Mixed Platforms.ActiveCfg = Release|x86
		{1B449322-0519-495F-A97E-B4AE6B4E4C5D}.Release|Mixed Platforms.Build.0 = Release|x86
		{1B449322-0519-495F-A97E-B4AE6B4E4C5D}.Release|x86.ActiveCfg = Release|x86
		{1B449322-0519-495F-A97E-B4AE6B4E4C5D}.Release|x86.Build.0 = Release|x86
		{C4AF0BD5-BECD-4FFB-9C55-9770B53C0C0E}.Debug|Any CPU.ActiveCfg = Debug|x86
		{C4AF0BD5-BECD-4FFB-9C55-9770B53C0C0E}.Debug|Mixed Platforms.ActiveCfg = Debug|x86
		{C4AF0BD5-BECD-4FFB-9C55-9770B53C0C0E}.Debug|Mixed Platforms.Build.0 = Debug|x86
		{C4AF0BD5-BECD-4FFB-9C55-9770B53C0C0E}.Debug|x86.ActiveCfg = Debug|x86
		{C4AF0BD5-BECD-4FFB-9C55-9770B53C0C0E}.Debug|x86.Build.0 = Debug|x86
		{C4AF0BD5-BECD-4FFB-9C55-9770B53C0C0E}.Release|Any CPU.ActiveCfg = Release|x86
		{C4AF0BD5-BECD-4FFB-9C55-9770B53C0C0E}.Release|Mixed Platforms.ActiveCfg = Release|x86
		{C4AF0BD5-BECD-4FFB-9C55-9770B53C0C0E}.Release|Mixed Platforms.Build.0 = Release|x86
		{C4AF0BD5-BECD-4FFB-9C55-9770B53C0C0E}.Release|x86.ActiveCfg = Release|x86
		{C4AF0BD5-BECD-4FFB-9C55-9770B53C0C0E}.Release|x86.Build.0 = Release|x86
		{38159DDE-AC9C-4BEE-952E-6247278B098E}.Debug|Any CPU.ActiveCfg = Debug|x86
		{38159DDE-AC9C-4BEE-952E-6247278B098E}.Debug|Mixed Platforms.ActiveCfg = Debug|x86
		{38159DDE-AC9C-4BEE-952E-6247278B098E}.Debug|Mixed Platforms.Build.0 = Debug|x86
		{38159DDE-AC9C-4BEE-952E-6247278B098E}.Debug|x86.ActiveCfg = Debug|x86
		{38159DDE-AC9C-4BEE-952E-6247278B098E}.Debug|x86.Build.0 = Debug|x86
		{38159DDE-AC9C-4BEE-952E-6247278B098E}.Release|Any CPU.ActiveCfg = Release|x86
		{38159DDE-AC9C-4BEE-952E-6247278B098E}.Release|Mixed Platforms.ActiveCfg = Release|x86
		{38159DDE-AC9C-4BEE-952E-6247278B098E}.Release|Mixed Platforms.Build.0 = Release|x86
		{38159DDE-AC9C-4BEE-952E-6247278B098E}.Release|x86.ActiveCfg = Release|x86
		{38159DDE-AC9C-4BEE-952E-6247278B098E}.Release|x86.Build.0 = Release|x86
		{966E1AD1-E5EB-44F2-B62B-E1732534204A}.Debug|Any CPU.ActiveCfg = Debug|x86
		{966E1AD1-E5EB-44F2-B62B-E1732534204A}.Debug|Mixed Platforms.ActiveCfg = Debug|x86
		{966E1AD1-E5EB-44F2-B62B-E1732534204A}.Debug|Mixed Platforms.Build.0 = Debug|x86
		{966E1AD1-E5EB-44F2-B62B-E1732534204A}.Debug|x86.ActiveCfg = Debug|x86
		{966E1AD1-E5EB-44F2-B62B-E1732534204A}.Debug|x86.Build.0 = Debug|x86
		{966E1AD1-E5EB-44F2-B62B-E1732534204A}.Release|Any CPU.ActiveCfg = Release|x86
		{966E1AD1-E5EB-44F2-B62B-E1732534204A}.Release|Mixed Platforms.ActiveCfg = Release|x86
		{966E1AD1-E5EB-44F2-B62B-E1732534204A}.Release|Mixed Platforms.Build.0 = Release|x86
		{966E1AD1-E5EB-44F2-B62B-E1732534204A}.Release|x86.ActiveCfg = Release|x86
		{966E1AD1-E5EB-44F2-B62B-E1732534204A}.Release|x86.Build.0 = Release|x86
		{29F2DB45-C948-42A4-A5A4-5B6DCA5AB3DC}.Debug|Any CPU.ActiveCfg = Debug|x86
		{29F2DB45-C948-42A4-A5A4-5B6DCA5AB3DC}.Debug|Mixed Platforms.ActiveCfg = Debug|x86
		{29F2DB45-C948-42A4-A5A4-5B6DCA5AB3DC}.Debug|Mixed Platforms.Build.0 = Debug|x86
		{29F2DB45-C948-42A4-A5A4-5B6DCA5AB3DC}.Debug|x86.ActiveCfg = Debug|x86
		{29F2DB45-C948-42A4-A5A4-5B6DCA5AB3DC}.Debug|x86.Build.0 = Debug|x86
		{29F2DB45-C948-42A4-A5A4-5B6DCA5AB3DC}.Release|Any CPU.ActiveCfg = Release|x86
		{29F2DB45-C948-42A4-A5A4-5B6DCA5AB3DC}.Release|Mixed Platforms.ActiveCfg = Release|x86
		{29F2DB45-C948-42A4-A5A4-5B6DCA5AB3DC}.Release|Mixed Platforms.Build.0 = Release|x86
		{29F2DB45-C948-42A4-A5A4-5B6DCA5AB3DC}.Release|x86.ActiveCfg = Release|x86
		{29F2DB45-C948-42A4-A5A4-5B6DCA5AB3DC}.Release|x86.Build.0 = Release|x86
		{D389E80C-A419-4E2D-8BF3-952549241966}.Debug|Any CPU.ActiveCfg = Debug|x86
		{D389E80C-A419-4E2D-8BF3-952549241966}.Debug|Mixed Platforms.ActiveCfg = Debug|x86
		{D389E80C-A419-4E2D-8BF3-952549241966}.Debug|Mixed Platforms.Build.0 = Debug|x86
		{D389E80C-A419-4E2D-8BF3-952549241966}.Debug|x86.ActiveCfg = Debug|x86
		{D389E80C-A419-4E2D-8BF3-952549241966}.Debug|x86.Build.0 = Debug|x86
		{D389E80C-A419-4E2D-8BF3-952549241966}.Release|Any CPU.ActiveCfg = Release|x86
		{D389E80C-A419-4E2D-8BF3-952549241966}.Release|Mixed Platforms.ActiveCfg = Release|x86
		{D389E80C-A419-4E2D-8BF3-952549241966}.Release|Mixed Platforms.Build.0 = Release|x86
		{D389E80C-A419-4E2D-8BF3-952549241966}.Release|x86.ActiveCfg = Release|x86
		{D389E80C-A419-4E2D-8BF3-952549241966}.Release|x86.Build.0 = Release|x86
		{0ECBBAC0-E464-4B74-AA4A-C4AD843383DD}.Debug|Any CPU.ActiveCfg = Debug|Any CPU
		{0ECBBAC0-E464-4B74-AA4A-C4AD843383DD}.Debug|Any CPU.Build.0 = Debug|Any CPU
		{0ECBBAC0-E464-4B74-AA4A-C4AD843383DD}.Debug|Mixed Platforms.ActiveCfg = Debug|Any CPU
		{0ECBBAC0-E464-4B74-AA4A-C4AD843383DD}.Debug|Mixed Platforms.Build.0 = Debug|Any CPU
		{0ECBBAC0-E464-4B74-AA4A-C4AD843383DD}.Debug|x86.ActiveCfg = Debug|Any CPU
		{0ECBBAC0-E464-4B74-AA4A-C4AD843383DD}.Release|Any CPU.ActiveCfg = Release|Any CPU
		{0ECBBAC0-E464-4B74-AA4A-C4AD843383DD}.Release|Any CPU.Build.0 = Release|Any CPU
		{0ECBBAC0-E464-4B74-AA4A-C4AD843383DD}.Release|Mixed Platforms.ActiveCfg = Release|Any CPU
		{0ECBBAC0-E464-4B74-AA4A-C4AD843383DD}.Release|Mixed Platforms.Build.0 = Release|Any CPU
		{0ECBBAC0-E464-4B74-AA4A-C4AD843383DD}.Release|x86.ActiveCfg = Release|Any CPU
		{AC7091A4-3B5B-4006-9673-8B61766AD6B8}.Debug|Any CPU.ActiveCfg = Debug|x86
		{AC7091A4-3B5B-4006-9673-8B61766AD6B8}.Debug|Mixed Platforms.ActiveCfg = Debug|x86
		{AC7091A4-3B5B-4006-9673-8B61766AD6B8}.Debug|Mixed Platforms.Build.0 = Debug|x86
		{AC7091A4-3B5B-4006-9673-8B61766AD6B8}.Debug|x86.ActiveCfg = Debug|x86
		{AC7091A4-3B5B-4006-9673-8B61766AD6B8}.Debug|x86.Build.0 = Debug|x86
		{AC7091A4-3B5B-4006-9673-8B61766AD6B8}.Release|Any CPU.ActiveCfg = Release|x86
		{AC7091A4-3B5B-4006-9673-8B61766AD6B8}.Release|Mixed Platforms.ActiveCfg = Release|x86
		{AC7091A4-3B5B-4006-9673-8B61766AD6B8}.Release|Mixed Platforms.Build.0 = Release|x86
		{AC7091A4-3B5B-4006-9673-8B61766AD6B8}.Release|x86.ActiveCfg = Release|x86
		{AC7091A4-3B5B-4006-9673-8B61766AD6B8}.Release|x86.Build.0 = Release|x86
		{C6BD9A48-672B-432C-8E06-2F98359E0236}.Debug|Any CPU.ActiveCfg = Debug|x86
		{C6BD9A48-672B-432C-8E06-2F98359E0236}.Debug|Mixed Platforms.ActiveCfg = Debug|x86
		{C6BD9A48-672B-432C-8E06-2F98359E0236}.Debug|Mixed Platforms.Build.0 = Debug|x86
		{C6BD9A48-672B-432C-8E06-2F98359E0236}.Debug|x86.ActiveCfg = Debug|x86
		{C6BD9A48-672B-432C-8E06-2F98359E0236}.Debug|x86.Build.0 = Debug|x86
		{C6BD9A48-672B-432C-8E06-2F98359E0236}.Release|Any CPU.ActiveCfg = Release|x86
		{C6BD9A48-672B-432C-8E06-2F98359E0236}.Release|Mixed Platforms.ActiveCfg = Release|x86
		{C6BD9A48-672B-432C-8E06-2F98359E0236}.Release|Mixed Platforms.Build.0 = Release|x86
		{C6BD9A48-672B-432C-8E06-2F98359E0236}.Release|x86.ActiveCfg = Release|x86
		{C6BD9A48-672B-432C-8E06-2F98359E0236}.Release|x86.Build.0 = Release|x86
		{9F1A501C-04EE-4872-9056-542A1EEE64ED}.Debug|Any CPU.ActiveCfg = Debug|x86
		{9F1A501C-04EE-4872-9056-542A1EEE64ED}.Debug|Mixed Platforms.ActiveCfg = Debug|x86
		{9F1A501C-04EE-4872-9056-542A1EEE64ED}.Debug|Mixed Platforms.Build.0 = Debug|x86
		{9F1A501C-04EE-4872-9056-542A1EEE64ED}.Debug|x86.ActiveCfg = Debug|x86
		{9F1A501C-04EE-4872-9056-542A1EEE64ED}.Debug|x86.Build.0 = Debug|x86
		{9F1A501C-04EE-4872-9056-542A1EEE64ED}.Release|Any CPU.ActiveCfg = Release|x86
		{9F1A501C-04EE-4872-9056-542A1EEE64ED}.Release|Mixed Platforms.ActiveCfg = Release|x86
		{9F1A501C-04EE-4872-9056-542A1EEE64ED}.Release|Mixed Platforms.Build.0 = Release|x86
		{9F1A501C-04EE-4872-9056-542A1EEE64ED}.Release|x86.ActiveCfg = Release|x86
		{9F1A501C-04EE-4872-9056-542A1EEE64ED}.Release|x86.Build.0 = Release|x86
		{6BE67550-939C-4A26-A998-4A1B456164D4}.Debug|Any CPU.ActiveCfg = Debug|x86
		{6BE67550-939C-4A26-A998-4A1B456164D4}.Debug|Mixed Platforms.ActiveCfg = Debug|x86
		{6BE67550-939C-4A26-A998-4A1B456164D4}.Debug|Mixed Platforms.Build.0 = Debug|x86
		{6BE67550-939C-4A26-A998-4A1B456164D4}.Debug|x86.ActiveCfg = Debug|x86
		{6BE67550-939C-4A26-A998-4A1B456164D4}.Debug|x86.Build.0 = Debug|x86
		{6BE67550-939C-4A26-A998-4A1B456164D4}.Release|Any CPU.ActiveCfg = Release|x86
		{6BE67550-939C-4A26-A998-4A1B456164D4}.Release|Mixed Platforms.ActiveCfg = Release|x86
		{6BE67550-939C-4A26-A998-4A1B456164D4}.Release|Mixed Platforms.Build.0 = Release|x86
		{6BE67550-939C-4A26-A998-4A1B456164D4}.Release|x86.ActiveCfg = Release|x86
		{6BE67550-939C-4A26-A998-4A1B456164D4}.Release|x86.Build.0 = Release|x86
		{963DCE4F-310B-47D6-AE87-C07E4830D71F}.Debug|Any CPU.ActiveCfg = Debug|x86
		{963DCE4F-310B-47D6-AE87-C07E4830D71F}.Debug|Mixed Platforms.ActiveCfg = Debug|x86
		{963DCE4F-310B-47D6-AE87-C07E4830D71F}.Debug|Mixed Platforms.Build.0 = Debug|x86
		{963DCE4F-310B-47D6-AE87-C07E4830D71F}.Debug|x86.ActiveCfg = Debug|x86
		{963DCE4F-310B-47D6-AE87-C07E4830D71F}.Debug|x86.Build.0 = Debug|x86
		{963DCE4F-310B-47D6-AE87-C07E4830D71F}.Release|Any CPU.ActiveCfg = Release|x86
		{963DCE4F-310B-47D6-AE87-C07E4830D71F}.Release|Mixed Platforms.ActiveCfg = Release|x86
		{963DCE4F-310B-47D6-AE87-C07E4830D71F}.Release|Mixed Platforms.Build.0 = Release|x86
		{963DCE4F-310B-47D6-AE87-C07E4830D71F}.Release|x86.ActiveCfg = Release|x86
		{963DCE4F-310B-47D6-AE87-C07E4830D71F}.Release|x86.Build.0 = Release|x86
		{31833F29-9E58-4B60-8F5B-B5297FC5FACA}.Debug|Any CPU.ActiveCfg = Debug|x86
		{31833F29-9E58-4B60-8F5B-B5297FC5FACA}.Debug|Mixed Platforms.ActiveCfg = Debug|x86
		{31833F29-9E58-4B60-8F5B-B5297FC5FACA}.Debug|Mixed Platforms.Build.0 = Debug|x86
		{31833F29-9E58-4B60-8F5B-B5297FC5FACA}.Debug|x86.ActiveCfg = Debug|x86
		{31833F29-9E58-4B60-8F5B-B5297FC5FACA}.Debug|x86.Build.0 = Debug|x86
		{31833F29-9E58-4B60-8F5B-B5297FC5FACA}.Release|Any CPU.ActiveCfg = Release|x86
		{31833F29-9E58-4B60-8F5B-B5297FC5FACA}.Release|Mixed Platforms.ActiveCfg = Release|x86
		{31833F29-9E58-4B60-8F5B-B5297FC5FACA}.Release|Mixed Platforms.Build.0 = Release|x86
		{31833F29-9E58-4B60-8F5B-B5297FC5FACA}.Release|x86.ActiveCfg = Release|x86
		{31833F29-9E58-4B60-8F5B-B5297FC5FACA}.Release|x86.Build.0 = Release|x86
		{367E5DA7-8789-4A10-86D2-BB42EB380E11}.Debug|Any CPU.ActiveCfg = Debug|x86
		{367E5DA7-8789-4A10-86D2-BB42EB380E11}.Debug|Mixed Platforms.ActiveCfg = Debug|x86
		{367E5DA7-8789-4A10-86D2-BB42EB380E11}.Debug|Mixed Platforms.Build.0 = Debug|x86
		{367E5DA7-8789-4A10-86D2-BB42EB380E11}.Debug|x86.ActiveCfg = Debug|x86
		{367E5DA7-8789-4A10-86D2-BB42EB380E11}.Debug|x86.Build.0 = Debug|x86
		{367E5DA7-8789-4A10-86D2-BB42EB380E11}.Release|Any CPU.ActiveCfg = Release|x86
		{367E5DA7-8789-4A10-86D2-BB42EB380E11}.Release|Mixed Platforms.ActiveCfg = Release|x86
		{367E5DA7-8789-4A10-86D2-BB42EB380E11}.Release|Mixed Platforms.Build.0 = Release|x86
		{367E5DA7-8789-4A10-86D2-BB42EB380E11}.Release|x86.ActiveCfg = Release|x86
		{367E5DA7-8789-4A10-86D2-BB42EB380E11}.Release|x86.Build.0 = Release|x86
		{2BE1ECD9-FC89-4BB2-A45E-9BA669604917}.Debug|Any CPU.ActiveCfg = Debug|x86
		{2BE1ECD9-FC89-4BB2-A45E-9BA669604917}.Debug|Mixed Platforms.ActiveCfg = Debug|x86
		{2BE1ECD9-FC89-4BB2-A45E-9BA669604917}.Debug|Mixed Platforms.Build.0 = Debug|x86
		{2BE1ECD9-FC89-4BB2-A45E-9BA669604917}.Debug|x86.ActiveCfg = Debug|x86
		{2BE1ECD9-FC89-4BB2-A45E-9BA669604917}.Debug|x86.Build.0 = Debug|x86
		{2BE1ECD9-FC89-4BB2-A45E-9BA669604917}.Release|Any CPU.ActiveCfg = Release|x86
		{2BE1ECD9-FC89-4BB2-A45E-9BA669604917}.Release|Mixed Platforms.ActiveCfg = Release|x86
		{2BE1ECD9-FC89-4BB2-A45E-9BA669604917}.Release|Mixed Platforms.Build.0 = Release|x86
		{2BE1ECD9-FC89-4BB2-A45E-9BA669604917}.Release|x86.ActiveCfg = Release|x86
		{2BE1ECD9-FC89-4BB2-A45E-9BA669604917}.Release|x86.Build.0 = Release|x86
		{9599CC5D-6C28-4913-A6B7-4ABBD3A2C860}.Debug|Any CPU.ActiveCfg = Debug|x86
		{9599CC5D-6C28-4913-A6B7-4ABBD3A2C860}.Debug|Mixed Platforms.ActiveCfg = Debug|x86
		{9599CC5D-6C28-4913-A6B7-4ABBD3A2C860}.Debug|Mixed Platforms.Build.0 = Debug|x86
		{9599CC5D-6C28-4913-A6B7-4ABBD3A2C860}.Debug|x86.ActiveCfg = Debug|x86
		{9599CC5D-6C28-4913-A6B7-4ABBD3A2C860}.Debug|x86.Build.0 = Debug|x86
		{9599CC5D-6C28-4913-A6B7-4ABBD3A2C860}.Release|Any CPU.ActiveCfg = Release|x86
		{9599CC5D-6C28-4913-A6B7-4ABBD3A2C860}.Release|Mixed Platforms.ActiveCfg = Release|x86
		{9599CC5D-6C28-4913-A6B7-4ABBD3A2C860}.Release|Mixed Platforms.Build.0 = Release|x86
		{9599CC5D-6C28-4913-A6B7-4ABBD3A2C860}.Release|x86.ActiveCfg = Release|x86
		{9599CC5D-6C28-4913-A6B7-4ABBD3A2C860}.Release|x86.Build.0 = Release|x86
		{2AC7511F-C245-4D8A-B221-FA5E54C2F162}.Debug|Any CPU.ActiveCfg = Debug|x86
		{2AC7511F-C245-4D8A-B221-FA5E54C2F162}.Debug|Mixed Platforms.ActiveCfg = Debug|x86
		{2AC7511F-C245-4D8A-B221-FA5E54C2F162}.Debug|Mixed Platforms.Build.0 = Debug|x86
		{2AC7511F-C245-4D8A-B221-FA5E54C2F162}.Debug|x86.ActiveCfg = Debug|x86
		{2AC7511F-C245-4D8A-B221-FA5E54C2F162}.Debug|x86.Build.0 = Debug|x86
		{2AC7511F-C245-4D8A-B221-FA5E54C2F162}.Release|Any CPU.ActiveCfg = Release|x86
		{2AC7511F-C245-4D8A-B221-FA5E54C2F162}.Release|Mixed Platforms.ActiveCfg = Release|x86
		{2AC7511F-C245-4D8A-B221-FA5E54C2F162}.Release|Mixed Platforms.Build.0 = Release|x86
		{2AC7511F-C245-4D8A-B221-FA5E54C2F162}.Release|x86.ActiveCfg = Release|x86
		{2AC7511F-C245-4D8A-B221-FA5E54C2F162}.Release|x86.Build.0 = Release|x86
	EndGlobalSection
	GlobalSection(SolutionProperties) = preSolution
		HideSolutionNode = FALSE
	EndGlobalSection
	GlobalSection(NestedProjects) = preSolution
		{4253325C-C46D-41F6-B07B-DFF1B587857D} = {5930CAD7-8B22-411A-9221-F8957210ABE2}
		{B1CA8142-4E8C-46BC-87E6-5BFA29167047} = {2F059724-3D69-4BC3-AE07-4B7D8A2FFAE9}
		{DCB5966C-2EEB-45DF-B8DC-AE37A91F2841} = {1150FC38-4313-45B5-8AE7-7CF16A0326F5}
		{65D68ED0-7B89-4F9D-8F8D-47449FB1C7E8} = {070A6823-90E0-4F4B-86E1-6A54669235C3}
		{0ECBBAC0-E464-4B74-AA4A-C4AD843383DD} = {070A6823-90E0-4F4B-86E1-6A54669235C3}
		{DAF01AA4-BD71-4F91-9B8F-F37B9D2C2081} = {C076BCFE-BC8D-4EE7-95E2-9A96DC83883D}
		{1B449322-0519-495F-A97E-B4AE6B4E4C5D} = {C076BCFE-BC8D-4EE7-95E2-9A96DC83883D}
		{C4AF0BD5-BECD-4FFB-9C55-9770B53C0C0E} = {E915178C-24EF-47E3-97EF-D8D0ED5DC630}
		{38159DDE-AC9C-4BEE-952E-6247278B098E} = {72C6A5FE-8BAC-4177-BBB9-B9DDF9627517}
		{966E1AD1-E5EB-44F2-B62B-E1732534204A} = {D061D40B-7CB9-498B-ADC9-E76157BFF89E}
		{29F2DB45-C948-42A4-A5A4-5B6DCA5AB3DC} = {E06895B9-BCBD-404A-99D3-0F2E99B32161}
		{D389E80C-A419-4E2D-8BF3-952549241966} = {76CD9221-57DD-4E39-9CAF-44477DEE0BE8}
		{AC7091A4-3B5B-4006-9673-8B61766AD6B8} = {9E2548BE-0875-4964-8415-07204A2EEDDE}
		{C6BD9A48-672B-432C-8E06-2F98359E0236} = {3B2485FA-35E1-4FD9-BB79-BCF66F65454D}
		{9F1A501C-04EE-4872-9056-542A1EEE64ED} = {8B875D45-06D6-4FCB-A44B-3BC717AD4E14}
		{6BE67550-939C-4A26-A998-4A1B456164D4} = {19E0BF54-37D2-4E79-8C49-17FCF79FCBE5}
		{963DCE4F-310B-47D6-AE87-C07E4830D71F} = {19E0BF54-37D2-4E79-8C49-17FCF79FCBE5}
		{31833F29-9E58-4B60-8F5B-B5297FC5FACA} = {E5EC13CD-49FB-4737-96FC-48C2EEE44A6D}
		{367E5DA7-8789-4A10-86D2-BB42EB380E11} = {09D8007F-C8D0-40D0-A8CB-C05F0F01504A}
		{2BE1ECD9-FC89-4BB2-A45E-9BA669604917} = {01B522BE-2981-44A2-A203-BDB5078B4A8A}
		{9599CC5D-6C28-4913-A6B7-4ABBD3A2C860} = {7BE25798-B933-42BC-B015-ED2566757DB2}
		{2AC7511F-C245-4D8A-B221-FA5E54C2F162} = {207054B6-C5B1-4BD4-A046-084BE9B9158D}
	EndGlobalSection
EndGlobal
